
Microsoft Visual Studio Solution File, Format Version 12.00
# Visual Studio Version 17
VisualStudioVersion = 17.5.002.0
MinimumVisualStudioVersion = 10.0.40219.1
Project("{9A19103F-16F7-4668-BE54-9A1E7A4F7556}") = "Desafio-Estacionamento-DIO", "Desafio-Estacionamento-DIO.csproj", "{282EA906-425F-4231-8FBC-88E10B2DE949}"
EndProject
Global
	GlobalSection(SolutionConfigurationPlatforms) = preSolution
		Debug|Any CPU = Debug|Any CPU
		Release|Any CPU = Release|Any CPU
	EndGlobalSection
	GlobalSection(ProjectConfigurationPlatforms) = postSolution
		{282EA906-425F-4231-8FBC-88E10B2DE949}.Debug|Any CPU.ActiveCfg = Debug|Any CPU
		{282EA906-425F-4231-8FBC-88E10B2DE949}.Debug|Any CPU.Build.0 = Debug|Any CPU
		{282EA906-425F-4231-8FBC-88E10B2DE949}.Release|Any CPU.ActiveCfg = Release|Any CPU
		{282EA906-425F-4231-8FBC-88E10B2DE949}.Release|Any CPU.Build.0 = Release|Any CPU
	EndGlobalSection
	GlobalSection(SolutionProperties) = preSolution
		HideSolutionNode = FALSE
	EndGlobalSection
	GlobalSection(ExtensibilityGlobals) = postSolution
		SolutionGuid = {855E9C90-DFEF-4BBA-A008-E8AF2A39424B}
	EndGlobalSection
EndGlobal
